
Microsoft Visual Studio Solution File, Format Version 12.00
# Visual Studio 15
VisualStudioVersion = 15.0.28307.421
MinimumVisualStudioVersion = 10.0.40219.1
Project("{9A19103F-16F7-4668-BE54-9A1E7A4F7556}") = "Cinema", "Cinema\Cinema.csproj", "{86D904E7-56C2-4567-9602-6D16267E67BE}"
EndProject
Project("{9A19103F-16F7-4668-BE54-9A1E7A4F7556}") = "Cinema.DAL", "Cinema.DAL\Cinema.DAL.csproj", "{4DE09A93-5AA6-419B-8A0E-15462666716F}"
EndProject
Project("{9A19103F-16F7-4668-BE54-9A1E7A4F7556}") = "Cinema.SL", "Cinema.SL\Cinema.SL.csproj", "{FB67F4BF-A89F-4432-9D4F-3E36FDCE3A26}"
EndProject
Project("{9A19103F-16F7-4668-BE54-9A1E7A4F7556}") = "Cinema.Models", "Cinema.Models\Cinema.Models.csproj", "{C5BA07E9-D474-4BC3-92CC-5CEC2979956C}"
EndProject
Project("{FAE04EC0-301F-11D3-BF4B-00C04F79EFBC}") = "XUnitTestProject", "XUnitTestProject\XUnitTestProject.csproj", "{7E85FD40-E092-4686-AF24-F6411197C2C5}"
EndProject
Global
	GlobalSection(SolutionConfigurationPlatforms) = preSolution
		Debug|Any CPU = Debug|Any CPU
		Release|Any CPU = Release|Any CPU
	EndGlobalSection
	GlobalSection(ProjectConfigurationPlatforms) = postSolution
		{86D904E7-56C2-4567-9602-6D16267E67BE}.Debug|Any CPU.ActiveCfg = Debug|Any CPU
		{86D904E7-56C2-4567-9602-6D16267E67BE}.Debug|Any CPU.Build.0 = Debug|Any CPU
		{86D904E7-56C2-4567-9602-6D16267E67BE}.Release|Any CPU.ActiveCfg = Release|Any CPU
		{86D904E7-56C2-4567-9602-6D16267E67BE}.Release|Any CPU.Build.0 = Release|Any CPU
		{4DE09A93-5AA6-419B-8A0E-15462666716F}.Debug|Any CPU.ActiveCfg = Debug|Any CPU
		{4DE09A93-5AA6-419B-8A0E-15462666716F}.Debug|Any CPU.Build.0 = Debug|Any CPU
		{4DE09A93-5AA6-419B-8A0E-15462666716F}.Release|Any CPU.ActiveCfg = Release|Any CPU
		{4DE09A93-5AA6-419B-8A0E-15462666716F}.Release|Any CPU.Build.0 = Release|Any CPU
		{FB67F4BF-A89F-4432-9D4F-3E36FDCE3A26}.Debug|Any CPU.ActiveCfg = Debug|Any CPU
		{FB67F4BF-A89F-4432-9D4F-3E36FDCE3A26}.Debug|Any CPU.Build.0 = Debug|Any CPU
		{FB67F4BF-A89F-4432-9D4F-3E36FDCE3A26}.Release|Any CPU.ActiveCfg = Release|Any CPU
		{FB67F4BF-A89F-4432-9D4F-3E36FDCE3A26}.Release|Any CPU.Build.0 = Release|Any CPU
		{C5BA07E9-D474-4BC3-92CC-5CEC2979956C}.Debug|Any CPU.ActiveCfg = Debug|Any CPU
		{C5BA07E9-D474-4BC3-92CC-5CEC2979956C}.Debug|Any CPU.Build.0 = Debug|Any CPU
		{C5BA07E9-D474-4BC3-92CC-5CEC2979956C}.Release|Any CPU.ActiveCfg = Release|Any CPU
		{C5BA07E9-D474-4BC3-92CC-5CEC2979956C}.Release|Any CPU.Build.0 = Release|Any CPU
		{7E85FD40-E092-4686-AF24-F6411197C2C5}.Debug|Any CPU.ActiveCfg = Debug|Any CPU
		{7E85FD40-E092-4686-AF24-F6411197C2C5}.Debug|Any CPU.Build.0 = Debug|Any CPU
		{7E85FD40-E092-4686-AF24-F6411197C2C5}.Release|Any CPU.ActiveCfg = Release|Any CPU
		{7E85FD40-E092-4686-AF24-F6411197C2C5}.Release|Any CPU.Build.0 = Release|Any CPU
	EndGlobalSection
	GlobalSection(SolutionProperties) = preSolution
		HideSolutionNode = FALSE
	EndGlobalSection
	GlobalSection(ExtensibilityGlobals) = postSolution
		SolutionGuid = {CE0F6950-16E4-4325-9CA4-99676A3F842E}
	EndGlobalSection
EndGlobal
